<?xml version="1.0" encoding="utf-8"?>
<Project ToolsVersion="17.0" xmlns="http://schemas.microsoft.com/developer/msbuild/2003">
  <ItemGroup>
    <CustomBuild Include="C:\Programming\Python\Gem\c_testing\GLFW+OpenGL\CMakeFiles\7a485980d14d6a5f0eee33b0cc56c086\INSTALL_force.rule">
      <Filter>CMake Rules</Filter>
    </CustomBuild>
  </ItemGroup>
  <ItemGroup>
    <Filter Include="CMake Rules">
      <UniqueIdentifier>{4FBB825D-7AE5-315E-AC03-1417AE1DB839}</UniqueIdentifier>
    </Filter>
  </ItemGroup>
</Project>
